
Microsoft Visual Studio Solution File, Format Version 12.00
# Visual Studio Version 17
VisualStudioVersion = 17.3.32929.385
MinimumVisualStudioVersion = 10.0.40219.1
Project("{FAE04EC0-301F-11D3-BF4B-00C04F79EFBC}") = "DesignPatterns.Strategy", "DesignPatterns.Strategy\DesignPatterns.Strategy.csproj", "{F16D3EFA-EF3E-48FF-A39B-FFFC57054D78}"
EndProject
Project("{FAE04EC0-301F-11D3-BF4B-00C04F79EFBC}") = "DesignPatterns.ChainOfResponsibility", "DesignPatterns.ChainOfResponsibility\DesignPatterns.ChainOfResponsibility.csproj", "{C045A3F6-BC76-4154-9F42-A6E8BB4A8DED}"
EndProject
Project("{FAE04EC0-301F-11D3-BF4B-00C04F79EFBC}") = "DesignPatterns.TemplateMethod", "DesignPatterns.TemplateMethod\DesignPatterns.TemplateMethod.csproj", "{FBBAA1EB-6682-4B94-8B80-C16CF4A8EF3C}"
EndProject
Global
	GlobalSection(SolutionConfigurationPlatforms) = preSolution
		Debug|Any CPU = Debug|Any CPU
		Release|Any CPU = Release|Any CPU
	EndGlobalSection
	GlobalSection(ProjectConfigurationPlatforms) = postSolution
		{F16D3EFA-EF3E-48FF-A39B-FFFC57054D78}.Debug|Any CPU.ActiveCfg = Debug|Any CPU
		{F16D3EFA-EF3E-48FF-A39B-FFFC57054D78}.Debug|Any CPU.Build.0 = Debug|Any CPU
		{F16D3EFA-EF3E-48FF-A39B-FFFC57054D78}.Release|Any CPU.ActiveCfg = Release|Any CPU
		{F16D3EFA-EF3E-48FF-A39B-FFFC57054D78}.Release|Any CPU.Build.0 = Release|Any CPU
		{C045A3F6-BC76-4154-9F42-A6E8BB4A8DED}.Debug|Any CPU.ActiveCfg = Debug|Any CPU
		{C045A3F6-BC76-4154-9F42-A6E8BB4A8DED}.Debug|Any CPU.Build.0 = Debug|Any CPU
		{C045A3F6-BC76-4154-9F42-A6E8BB4A8DED}.Release|Any CPU.ActiveCfg = Release|Any CPU
		{C045A3F6-BC76-4154-9F42-A6E8BB4A8DED}.Release|Any CPU.Build.0 = Release|Any CPU
		{FBBAA1EB-6682-4B94-8B80-C16CF4A8EF3C}.Debug|Any CPU.ActiveCfg = Debug|Any CPU
		{FBBAA1EB-6682-4B94-8B80-C16CF4A8EF3C}.Debug|Any CPU.Build.0 = Debug|Any CPU
		{FBBAA1EB-6682-4B94-8B80-C16CF4A8EF3C}.Release|Any CPU.ActiveCfg = Release|Any CPU
		{FBBAA1EB-6682-4B94-8B80-C16CF4A8EF3C}.Release|Any CPU.Build.0 = Release|Any CPU
	EndGlobalSection
	GlobalSection(SolutionProperties) = preSolution
		HideSolutionNode = FALSE
	EndGlobalSection
	GlobalSection(ExtensibilityGlobals) = postSolution
		SolutionGuid = {80A06488-10ED-48C0-9E60-50CE6AAF4F89}
	EndGlobalSection
EndGlobal
